
Microsoft Visual Studio Solution File, Format Version 12.00
# Visual Studio 15
VisualStudioVersion = 15.0.28307.438
MinimumVisualStudioVersion = 10.0.40219.1
Project("{9A19103F-16F7-4668-BE54-9A1E7A4F7556}") = "Domain", "Domain\Domain.csproj", "{073D0240-98E7-449F-BCA8-E94C20A3CACF}"
EndProject
Project("{9A19103F-16F7-4668-BE54-9A1E7A4F7556}") = "BLL", "BLL\BLL.csproj", "{069A77E0-CCE1-4127-B217-07677A2B91C7}"
EndProject
Project("{9A19103F-16F7-4668-BE54-9A1E7A4F7556}") = "UnitTests", "UnitTests\UnitTests.csproj", "{49B00AB3-B58B-48BE-B1C7-42EB40B436B9}"
EndProject
Global
	GlobalSection(SolutionConfigurationPlatforms) = preSolution
		Debug|Any CPU = Debug|Any CPU
		Release|Any CPU = Release|Any CPU
	EndGlobalSection
	GlobalSection(ProjectConfigurationPlatforms) = postSolution
		{073D0240-98E7-449F-BCA8-E94C20A3CACF}.Debug|Any CPU.ActiveCfg = Debug|Any CPU
		{073D0240-98E7-449F-BCA8-E94C20A3CACF}.Debug|Any CPU.Build.0 = Debug|Any CPU
		{073D0240-98E7-449F-BCA8-E94C20A3CACF}.Release|Any CPU.ActiveCfg = Release|Any CPU
		{073D0240-98E7-449F-BCA8-E94C20A3CACF}.Release|Any CPU.Build.0 = Release|Any CPU
		{069A77E0-CCE1-4127-B217-07677A2B91C7}.Debug|Any CPU.ActiveCfg = Debug|Any CPU
		{069A77E0-CCE1-4127-B217-07677A2B91C7}.Debug|Any CPU.Build.0 = Debug|Any CPU
		{069A77E0-CCE1-4127-B217-07677A2B91C7}.Release|Any CPU.ActiveCfg = Release|Any CPU
		{069A77E0-CCE1-4127-B217-07677A2B91C7}.Release|Any CPU.Build.0 = Release|Any CPU
		{49B00AB3-B58B-48BE-B1C7-42EB40B436B9}.Debug|Any CPU.ActiveCfg = Debug|Any CPU
		{49B00AB3-B58B-48BE-B1C7-42EB40B436B9}.Debug|Any CPU.Build.0 = Debug|Any CPU
		{49B00AB3-B58B-48BE-B1C7-42EB40B436B9}.Release|Any CPU.ActiveCfg = Release|Any CPU
		{49B00AB3-B58B-48BE-B1C7-42EB40B436B9}.Release|Any CPU.Build.0 = Release|Any CPU
	EndGlobalSection
	GlobalSection(SolutionProperties) = preSolution
		HideSolutionNode = FALSE
	EndGlobalSection
	GlobalSection(ExtensibilityGlobals) = postSolution
		SolutionGuid = {995DA66B-6B67-43F1-A3F3-1E225C2D9DD3}
	EndGlobalSection
EndGlobal
